{
  "requires": true,
  "lockfileVersion": 1,
  "dependencies": {
    "bootstrap": {
      "version": "4.3.1",
      "resolved": "https://registry.npmjs.org/bootstrap/-/bootstrap-4.3.1.tgz",
      "integrity": "sha512-rXqOmH1VilAt2DyPzluTi2blhk17bO7ef+zLLPlWvG494pDxcM234pJ8wTc/6R40UWizAIIMgxjvxZg5kmsbag=="
    },
    "inputmask": {
      "version": "3.3.11",
      "resolved": "https://registry.npmjs.org/inputmask/-/inputmask-3.3.11.tgz",
      "integrity": "sha1-FCHJSuKMPc0bTSYze1CLs0mY4tg="
    },
    "jquery": {
      "version": "3.4.1",
      "resolved": "https://registry.npmjs.org/jquery/-/jquery-3.4.1.tgz",
      "integrity": "sha512-36+AdBzCL+y6qjw5Tx7HgzeGCzC81MDDgaUP8ld2zhx58HdqXGoBd+tHdrBMiyjGQs0Hxs/MLZTu/eHNJJuWPw=="
    },
    "jquery-treegrid": {
      "version": "0.3.0",
      "resolved": "https://registry.npmjs.org/jquery-treegrid/-/jquery-treegrid-0.3.0.tgz",
      "integrity": "sha1-5EXU54nL2F7ARe1GcZLXCyqxidM="
    },
    "jquery-ui": {
      "version": "1.12.1",
      "resolved": "https://registry.npmjs.org/jquery-ui/-/jquery-ui-1.12.1.tgz",
      "integrity": "sha1-vLQEXI3QU5wTS8FIjN0+dop6nlE="
    },
    "punycode": {
      "version": "2.1.1",
      "resolved": "https://registry.npmjs.org/punycode/-/punycode-2.1.1.tgz",
      "integrity": "sha512-XRsRjdf+j5ml+y/6GKHPZbrF/8p2Yga0JPtdqTIY2Xe5ohJPD9saDJJLPvp9+NSBprVvevdXZybnj2cv8OEd0A=="
    },
    "typeahead.js": {
      "version": "0.11.1",
      "resolved": "https://registry.npmjs.org/typeahead.js/-/typeahead.js-0.11.1.tgz",
      "integrity": "sha1-TmTmcbIjEKhgb0rsgFkkuoSwFbg=",
      "requires": {
        "jquery": ">=1.7"
      }
    },
    "yii2-pjax": {
      "version": "2.0.7",
      "resolved": "https://registry.npmjs.org/yii2-pjax/-/yii2-pjax-2.0.7.tgz",
      "integrity": "sha1-/h+DUK7RwRxuzdFNra0DvYsTsZo="
    }
  }
}
