# THIS IS AN AUTOGENERATED FILE. DO NOT EDIT THIS FILE DIRECTLY.
# yarn lockfile v1


bootstrap@^3.4.1:
  version "3.4.1"
  resolved "https://registry.yarnpkg.com/bootstrap/-/bootstrap-3.4.1.tgz#c3a347d419e289ad11f4033e3c4132b87c081d72"
  integrity sha512-yN5oZVmRCwe5aKwzRj6736nSmKDX7pLYwsXiCj/EYmo16hODaBiT4En5btW/jhBF/seV+XMx3aYwukYC3A49DA==

inputmask@^3.3.11:
  version "3.3.11"
  resolved "https://registry.yarnpkg.com/inputmask/-/inputmask-3.3.11.tgz#1421c94ae28c3dcd1b4d26337b508bb34998e2d8"
  integrity sha1-FCHJSuKMPc0bTSYze1CLs0mY4tg=

jquery-treegrid@^0.3.0:
  version "0.3.0"
  resolved "https://registry.yarnpkg.com/jquery-treegrid/-/jquery-treegrid-0.3.0.tgz#e445d4e789cbd85ec045ed467192d70b2ab189d3"
  integrity sha1-5EXU54nL2F7ARe1GcZLXCyqxidM=

jquery-ui@^1.12.1:
  version "1.12.1"
  resolved "https://registry.yarnpkg.com/jquery-ui/-/jquery-ui-1.12.1.tgz#bcb4045c8dd0539c134bc1488cdd3e768a7a9e51"
  integrity sha1-vLQEXI3QU5wTS8FIjN0+dop6nlE=

jquery@>=1.7, jquery@^3.4.1:
  version "3.4.1"
  resolved "https://registry.yarnpkg.com/jquery/-/jquery-3.4.1.tgz#714f1f8d9dde4bdfa55764ba37ef214630d80ef2"
  integrity sha512-36+AdBzCL+y6qjw5Tx7HgzeGCzC81MDDgaUP8ld2zhx58HdqXGoBd+tHdrBMiyjGQs0Hxs/MLZTu/eHNJJuWPw==

punycode@^2.1.0:
  version "2.1.1"
  resolved "https://registry.yarnpkg.com/punycode/-/punycode-2.1.1.tgz#b58b010ac40c22c5657616c8d2c2c02c7bf479ec"
  integrity sha512-XRsRjdf+j5ml+y/6GKHPZbrF/8p2Yga0JPtdqTIY2Xe5ohJPD9saDJJLPvp9+NSBprVvevdXZybnj2cv8OEd0A==

typeahead.js@^0.11.1:
  version "0.11.1"
  resolved "https://registry.yarnpkg.com/typeahead.js/-/typeahead.js-0.11.1.tgz#4e64e671b22310a8606f4aec805924ba84b015b8"
  integrity sha1-TmTmcbIjEKhgb0rsgFkkuoSwFbg=
  dependencies:
    jquery ">=1.7"

yii2-pjax@^2.0.7:
  version "2.0.7"
  resolved "https://registry.yarnpkg.com/yii2-pjax/-/yii2-pjax-2.0.7.tgz#fe1f8350aed1c11c6ecdd14dadad03bd8b13b19a"
  integrity sha1-/h+DUK7RwRxuzdFNra0DvYsTsZo=
